
Microsoft Visual Studio Solution File, Format Version 12.00
Project("{FAE04EC0-301F-11D3-BF4B-00C04F79EFBC}") = "Transaction Console Application", "Transaction Console Application.csproj", "{B0873122-AA0C-4360-B7F6-43FFAA7CDAA3}"
EndProject
Global
	GlobalSection(SolutionConfigurationPlatforms) = preSolution
		Debug|Any CPU = Debug|Any CPU
		Release|Any CPU = Release|Any CPU
	EndGlobalSection
	GlobalSection(ProjectConfigurationPlatforms) = postSolution
		{B0873122-AA0C-4360-B7F6-43FFAA7CDAA3}.Debug|Any CPU.ActiveCfg = Debug|Any CPU
		{B0873122-AA0C-4360-B7F6-43FFAA7CDAA3}.Debug|Any CPU.Build.0 = Debug|Any CPU
		{B0873122-AA0C-4360-B7F6-43FFAA7CDAA3}.Release|Any CPU.ActiveCfg = Release|Any CPU
		{B0873122-AA0C-4360-B7F6-43FFAA7CDAA3}.Release|Any CPU.Build.0 = Release|Any CPU
	EndGlobalSection
EndGlobal
